
Microsoft Visual Studio Solution File, Format Version 12.00
# Visual Studio 15
VisualStudioVersion = 15.0.28307.136
MinimumVisualStudioVersion = 10.0.40219.1
Project("{FAE04EC0-301F-11D3-BF4B-00C04F79EFBC}") = "ToDoServer", "ToDoServer\ToDoServer.csproj", "{F6F409B7-41EC-460D-A04A-CE14DB183B4B}"
EndProject
Global
	GlobalSection(SolutionConfigurationPlatforms) = preSolution
		Debug|Any CPU = Debug|Any CPU
		Release|Any CPU = Release|Any CPU
	EndGlobalSection
	GlobalSection(ProjectConfigurationPlatforms) = postSolution
		{F6F409B7-41EC-460D-A04A-CE14DB183B4B}.Debug|Any CPU.ActiveCfg = Debug|Any CPU
		{F6F409B7-41EC-460D-A04A-CE14DB183B4B}.Debug|Any CPU.Build.0 = Debug|Any CPU
		{F6F409B7-41EC-460D-A04A-CE14DB183B4B}.Release|Any CPU.ActiveCfg = Release|Any CPU
		{F6F409B7-41EC-460D-A04A-CE14DB183B4B}.Release|Any CPU.Build.0 = Release|Any CPU
	EndGlobalSection
	GlobalSection(SolutionProperties) = preSolution
		HideSolutionNode = FALSE
	EndGlobalSection
	GlobalSection(ExtensibilityGlobals) = postSolution
		SolutionGuid = {4F7CCE5A-AC64-4248-9D72-40ED5920E8CC}
	EndGlobalSection
EndGlobal
